# This file was autogenerated by Stack.
# You should not edit this file by hand.
# For more information, please see the documentation at:
#   https://docs.haskellstack.org/en/stable/lock_files

packages:
- completed:
    pantry-tree:
      sha256: 18996ce535e40483ca2e29397e606aae551552608f96a6a8cc647ce24e24e937
      size: 181
    hackage: compendium-client-0.2.1.1@sha256:cd477438d507273b34b82581ade333921ae997c1618b48af0c1da2a4968623e0,1203
  original:
    hackage: compendium-client-0.2.1.1@sha256:cd477438d507273b34b82581ade333921ae997c1618b48af0c1da2a4968623e0,1203
- completed:
    pantry-tree:
      sha256: feca28ce70be3334a8fbe411223fba617afb54464b60e852da7d5e73e068f9f5
      size: 3054
    hackage: graphql-1.0.3.0@sha256:fd352ec3e04598946130f2d7e48abe4061eb462c6a35d16ec6ae2613488c5308,3260
  original:
    hackage: graphql-1.0.3.0
- completed:
    pantry-tree:
      sha256: 81c9ecf6410a1233fb312131fe0c8247764496636dbd67ff83225a885f8a2701
      size: 44789
    hackage: http2-2.0.6@sha256:d286b50b1f644b3a4b0c80f5d40d21ac2682e30b5035e46c5395773d5b69ec3b,17686
  original:
    hackage: http2-2.0.6
- completed:
    pantry-tree:
      sha256: 7829e000d32add42d83b8f8b059e0d590fcb787bc90a5a2f0d12075faab83b61
      size: 853
    hackage: http2-client-0.10.0.0@sha256:d1676405df7e030ea1e36262ee3aa9834846ce4f05d0b04948d54924226534a2,2686
  original:
    hackage: http2-client-0.10.0.0
- completed:
    pantry-tree:
      sha256: 234f9a5e2c117c615b63b657af6b331df0533e173d09f0c91b279ac90c54d4de
      size: 454
    hackage: http2-client-grpc-0.8.0.0@sha256:5bea1edf5fa3572155f55c5b38cfab7063cbde613702898986c26d70bc9f3f9e,1861
  original:
    hackage: http2-client-grpc-0.8.0.0
- completed:
    pantry-tree:
      sha256: d07d5bb883860e3bf928c00312df133a4c195c99bb397865bd67f433f75387b8
      size: 341
    hackage: http2-grpc-proto3-wire-0.1.0.0@sha256:4f6c0d27048756155b82ebf7385a20cc8241c7bd854e96d1dd6a1827e75fa410,1504
  original:
    hackage: http2-grpc-proto3-wire-0.1.0.0
- completed:
    pantry-tree:
      sha256: 3a1a94b87acd230b2f750f0077dc47177f37e46a2984b5764390207a83c4d5e4
      size: 405
    hackage: http2-grpc-types-0.5.0.0@sha256:4d34edc06a48496130f19245817a7cd7ea15c78ac8815570c3795ffc4503cf27,1445
  original:
    hackage: http2-grpc-types-0.5.0.0
- completed:
    pantry-tree:
      sha256: 29fcfc03b8f818f12c52973cd488504d39be616c4e9c456a240f1252683fcd12
      size: 552
    hackage: hw-kafka-conduit-2.7.0@sha256:5fb44171a222fb2d6bfdf41537d778643d74eb32c640fed2edb082e8cb87f149,2871
  original:
    hackage: hw-kafka-conduit-2.7.0
- completed:
    pantry-tree:
      sha256: 26fd2a714615b6c2c0459178fb5f350848ce64be5c33076c4ddaff9c74adb278
      size: 541
    hackage: mu-avro-0.4.0.4@sha256:10e317c633c5152a26e89becba749456b76f70eb640d1c0b2ccdc0e45a7ef5da,2096
  original:
    hackage: mu-avro-0.4.0.4@sha256:10e317c633c5152a26e89becba749456b76f70eb640d1c0b2ccdc0e45a7ef5da,2096
- completed:
    pantry-tree:
      sha256: a8afc5573bd148f1750cb238c6fc6c3ef2c7aee9b72c74ee6dab2ec7a0dae82c
      size: 562
    hackage: mu-grpc-client-0.4.0.2@sha256:cc98a09601b9634531772b270fa9509503048946f27fa47ef140bb8cccb544f2,2006
  original:
    hackage: mu-grpc-client-0.4.0.2@sha256:cc98a09601b9634531772b270fa9509503048946f27fa47ef140bb8cccb544f2,2006
- completed:
    pantry-tree:
      sha256: 7e745ded1cb622178392ae2d5a6d5591af9743b58506de5ed2e17d7d698b0d18
      size: 281
    hackage: mu-grpc-common-0.4.0.0@sha256:568b5879cd67c0bc0e956d53fb87552bb6d9a6287c5d1b09e2284ed5b04de418,1394
  original:
    hackage: mu-grpc-common-0.4.0.0@sha256:568b5879cd67c0bc0e956d53fb87552bb6d9a6287c5d1b09e2284ed5b04de418,1394
- completed:
    pantry-tree:
      sha256: 6f8275b8db1dce6136ebd2eb831495af39774d9560d8d07e60d5da09a5f3ed99
      size: 172
    hackage: mu-optics-0.3.0.1@sha256:c3494c71c6300e6a0dcb77c9782481150956e912c1b47fccd69cbb795e461d52,1068
  original:
    hackage: mu-optics-0.3.0.1@sha256:c3494c71c6300e6a0dcb77c9782481150956e912c1b47fccd69cbb795e461d52,1068
- completed:
    pantry-tree:
      sha256: ad3ec2fa09fea08c1c7c5181db7ed4440c030cc6c9dbc708a9a58155c13ca8fa
      size: 640
    hackage: mu-protobuf-0.4.2.0@sha256:4787a2688abdda107e150736433b61448acdf0b71eb0c174232239b4c143f78b,2119
  original:
    hackage: mu-protobuf-0.4.2.0@sha256:4787a2688abdda107e150736433b61448acdf0b71eb0c174232239b4c143f78b,2119
- completed:
    pantry-tree:
      sha256: e47c5120decb76a04132d4ba69c7abbe3d69e4935191c678ff79f51dfad8bc35
      size: 501
    hackage: mu-rpc-0.5.0.2@sha256:470f5bc372de1b212f625f9e7310cdf82b7fa41ddea03e092fccff0cd9e19db1,1430
  original:
    hackage: mu-rpc-0.5.0.2@sha256:470f5bc372de1b212f625f9e7310cdf82b7fa41ddea03e092fccff0cd9e19db1,1430
- completed:
    pantry-tree:
      sha256: 07d5d0ab3fc6db8e7492311caacbd92f33a343fd173cb51d2915522b3aea8073
      size: 1061
    hackage: mu-schema-0.3.1.2@sha256:c05e58de29d50376638d19dd3357cd3644d39f984664484f3568d5305b3034d9,1933
  original:
    hackage: mu-schema-0.3.1.2@sha256:c05e58de29d50376638d19dd3357cd3644d39f984664484f3568d5305b3034d9,1933
- completed:
    pantry-tree:
      sha256: 20b1076bdb121347ccc512a67df697eed34815a8e35279b6b9a0951963b1eba2
      size: 761
    hackage: stm-containers-1.2@sha256:a887f2e7692b7cf20e0b081e2d66e21076e2bd4b57016ec59c484edfa2d29397,3244
  original:
    hackage: stm-containers-1.2
- completed:
    pantry-tree:
      sha256: 2de07a746d44aebcff4b7b644373ae4aa5a505457b684ca02ae5a74605991d6b
      size: 1009
    hackage: stm-hamt-1.2.0.7@sha256:e8ecba11580ae2ea839cc3b7a25adcce40810aa472b544728790d28804c912ee,3972
  original:
    hackage: stm-hamt-1.2.0.7
- completed:
    pantry-tree:
      sha256: b3059324bf8fea08874dd4f5518105f3edd6e469104242e652698f488a5227d5
      size: 672
    hackage: tracing-0.0.7.2@sha256:25a531be1ffe4054085f2855fd5132be54aa2e6b31a730b26e2cb01bd96b22ea,1438
  original:
    hackage: tracing-0.0.7.2
- completed:
    pantry-tree:
      sha256: 50f78d41b8035baedfb23e5544303c1685b9f58782b5d3aae36c1c7d81c695aa
      size: 680
    hackage: tracing-control-0.0.7.3@sha256:a4660303321ccdec05cc5308bca372a57264bad06c56f8988f769fb202a4146f,1857
  original:
    hackage: tracing-control-0.0.7.3
- completed:
    pantry-tree:
      sha256: 8218f142eb5df6061b7be25574a22d81d0a70d2cbc92e4d74831c6aaa17b4117
      size: 3973
    hackage: warp-3.3.14@sha256:cd627497cb2a43ab7923d7df3aa90480ea2dac0de1b05455b40a89ea789ac2c7,10902
  original:
    hackage: warp-3.3.14
- completed:
    pantry-tree:
      sha256: f542ef3e7e03b9cd0b2c0e0c436ce4e68ab37f56195740639034cc3cd28a6b9f
      size: 709
    hackage: warp-grpc-0.4.0.1@sha256:3859190e4fa23b944cf93ac691b3cec78c2adf4eaff6a4e8070c89fd17915add,1759
  original:
    hackage: warp-grpc-0.4.0.1
snapshots:
- completed:
    sha256: 428ec8d5ce932190d3cbe266b9eb3c175cd81e984babf876b64019e2cbe4ea68
    size: 590100
    url: https://raw.githubusercontent.com/commercialhaskell/stackage-snapshots/master/lts/18/28.yaml
  original: lts-18.28
